
Microsoft Visual Studio Solution File, Format Version 12.00
# Visual Studio Version 16
VisualStudioVersion = 16.0.31321.278
MinimumVisualStudioVersion = 10.0.40219.1
Project("{FAE04EC0-301F-11D3-BF4B-00C04F79EFBC}") = "Forms", "Forms\Forms.csproj", "{798EC96B-79A2-468E-8DFB-3840C67155B4}"
EndProject
Project("{FAE04EC0-301F-11D3-BF4B-00C04F79EFBC}") = "DB", "DB\DB.csproj", "{8251B593-8864-4884-8BAB-5B7E3A876B5F}"
EndProject
Project("{FAE04EC0-301F-11D3-BF4B-00C04F79EFBC}") = "Business", "Business\Business.csproj", "{49D4A01F-6D22-4970-9522-D8B15F677210}"
EndProject
Global
	GlobalSection(SolutionConfigurationPlatforms) = preSolution
		Debug|Any CPU = Debug|Any CPU
		Release|Any CPU = Release|Any CPU
	EndGlobalSection
	GlobalSection(ProjectConfigurationPlatforms) = postSolution
		{798EC96B-79A2-468E-8DFB-3840C67155B4}.Debug|Any CPU.ActiveCfg = Debug|Any CPU
		{798EC96B-79A2-468E-8DFB-3840C67155B4}.Debug|Any CPU.Build.0 = Debug|Any CPU
		{798EC96B-79A2-468E-8DFB-3840C67155B4}.Release|Any CPU.ActiveCfg = Release|Any CPU
		{798EC96B-79A2-468E-8DFB-3840C67155B4}.Release|Any CPU.Build.0 = Release|Any CPU
		{8251B593-8864-4884-8BAB-5B7E3A876B5F}.Debug|Any CPU.ActiveCfg = Debug|Any CPU
		{8251B593-8864-4884-8BAB-5B7E3A876B5F}.Debug|Any CPU.Build.0 = Debug|Any CPU
		{8251B593-8864-4884-8BAB-5B7E3A876B5F}.Release|Any CPU.ActiveCfg = Release|Any CPU
		{8251B593-8864-4884-8BAB-5B7E3A876B5F}.Release|Any CPU.Build.0 = Release|Any CPU
		{49D4A01F-6D22-4970-9522-D8B15F677210}.Debug|Any CPU.ActiveCfg = Debug|Any CPU
		{49D4A01F-6D22-4970-9522-D8B15F677210}.Debug|Any CPU.Build.0 = Debug|Any CPU
		{49D4A01F-6D22-4970-9522-D8B15F677210}.Release|Any CPU.ActiveCfg = Release|Any CPU
		{49D4A01F-6D22-4970-9522-D8B15F677210}.Release|Any CPU.Build.0 = Release|Any CPU
	EndGlobalSection
	GlobalSection(SolutionProperties) = preSolution
		HideSolutionNode = FALSE
	EndGlobalSection
	GlobalSection(ExtensibilityGlobals) = postSolution
		SolutionGuid = {A98F1F0C-6498-4A3C-8776-2DEE4E780B04}
	EndGlobalSection
EndGlobal
